
Microsoft Visual Studio Solution File, Format Version 12.00
# Visual Studio Version 17
VisualStudioVersion = 17.13.35825.156 d17.13
MinimumVisualStudioVersion = 10.0.40219.1
Project("{FAE04EC0-301F-11D3-BF4B-00C04F79EFBC}") = "SWP391 CoffeeManagement", "SWP391 CoffeeManagement\SWP391 CoffeeManagement.csproj", "{AAD2C177-83BB-428A-828D-04D5F7961E3B}"
EndProject
Global
	GlobalSection(SolutionConfigurationPlatforms) = preSolution
		Debug|Any CPU = Debug|Any CPU
		Release|Any CPU = Release|Any CPU
	EndGlobalSection
	GlobalSection(ProjectConfigurationPlatforms) = postSolution
		{AAD2C177-83BB-428A-828D-04D5F7961E3B}.Debug|Any CPU.ActiveCfg = Debug|Any CPU
		{AAD2C177-83BB-428A-828D-04D5F7961E3B}.Debug|Any CPU.Build.0 = Debug|Any CPU
		{AAD2C177-83BB-428A-828D-04D5F7961E3B}.Release|Any CPU.ActiveCfg = Release|Any CPU
		{AAD2C177-83BB-428A-828D-04D5F7961E3B}.Release|Any CPU.Build.0 = Release|Any CPU
	EndGlobalSection
	GlobalSection(SolutionProperties) = preSolution
		HideSolutionNode = FALSE
	EndGlobalSection
	GlobalSection(ExtensibilityGlobals) = postSolution
		SolutionGuid = {C60FCD02-199E-41F8-A2E5-D43D4E6087A3}
	EndGlobalSection
EndGlobal
